
Microsoft Visual Studio Solution File, Format Version 12.00
# Visual Studio 15
VisualStudioVersion = 15.0.27703.2042
MinimumVisualStudioVersion = 10.0.40219.1
Project("{FAE04EC0-301F-11D3-BF4B-00C04F79EFBC}") = "ReflectionHomework", "ReflectionHomework\ReflectionHomework.csproj", "{D9ADF680-E162-4823-9684-7F76362476E1}"
EndProject
Global
	GlobalSection(SolutionConfigurationPlatforms) = preSolution
		Debug|Any CPU = Debug|Any CPU
		Release|Any CPU = Release|Any CPU
	EndGlobalSection
	GlobalSection(ProjectConfigurationPlatforms) = postSolution
		{D9ADF680-E162-4823-9684-7F76362476E1}.Debug|Any CPU.ActiveCfg = Debug|Any CPU
		{D9ADF680-E162-4823-9684-7F76362476E1}.Debug|Any CPU.Build.0 = Debug|Any CPU
		{D9ADF680-E162-4823-9684-7F76362476E1}.Release|Any CPU.ActiveCfg = Release|Any CPU
		{D9ADF680-E162-4823-9684-7F76362476E1}.Release|Any CPU.Build.0 = Release|Any CPU
	EndGlobalSection
	GlobalSection(SolutionProperties) = preSolution
		HideSolutionNode = FALSE
	EndGlobalSection
	GlobalSection(ExtensibilityGlobals) = postSolution
		SolutionGuid = {54C965D6-C7AF-4BA7-9D53-0E8B8DE292F0}
	EndGlobalSection
EndGlobal
